
Microsoft Visual Studio Solution File, Format Version 12.00
# Visual Studio Version 17
VisualStudioVersion = 17.13.35806.99
MinimumVisualStudioVersion = 10.0.40219.1
Project("{FAE04EC0-301F-11D3-BF4B-00C04F79EFBC}") = "UserApp", "UserApp\UserApp.csproj", "{EADAC934-D890-4050-BBD4-820BD43902A3}"
EndProject
Project("{FAE04EC0-301F-11D3-BF4B-00C04F79EFBC}") = "UserApp.Dal", "UserApp.Dal\UserApp.Dal.csproj", "{EF0F7164-995A-4B80-9500-67D2176A15C2}"
EndProject
Global
	GlobalSection(SolutionConfigurationPlatforms) = preSolution
		Debug|Any CPU = Debug|Any CPU
		Release|Any CPU = Release|Any CPU
	EndGlobalSection
	GlobalSection(ProjectConfigurationPlatforms) = postSolution
		{EADAC934-D890-4050-BBD4-820BD43902A3}.Debug|Any CPU.ActiveCfg = Debug|Any CPU
		{EADAC934-D890-4050-BBD4-820BD43902A3}.Debug|Any CPU.Build.0 = Debug|Any CPU
		{EADAC934-D890-4050-BBD4-820BD43902A3}.Release|Any CPU.ActiveCfg = Release|Any CPU
		{EADAC934-D890-4050-BBD4-820BD43902A3}.Release|Any CPU.Build.0 = Release|Any CPU
		{EF0F7164-995A-4B80-9500-67D2176A15C2}.Debug|Any CPU.ActiveCfg = Debug|Any CPU
		{EF0F7164-995A-4B80-9500-67D2176A15C2}.Debug|Any CPU.Build.0 = Debug|Any CPU
		{EF0F7164-995A-4B80-9500-67D2176A15C2}.Release|Any CPU.ActiveCfg = Release|Any CPU
		{EF0F7164-995A-4B80-9500-67D2176A15C2}.Release|Any CPU.Build.0 = Release|Any CPU
	EndGlobalSection
	GlobalSection(SolutionProperties) = preSolution
		HideSolutionNode = FALSE
	EndGlobalSection
	GlobalSection(ExtensibilityGlobals) = postSolution
		SolutionGuid = {2301698B-06A7-4E7F-ACCD-43BC803692C5}
	EndGlobalSection
EndGlobal
